
Microsoft Visual Studio Solution File, Format Version 12.00
# Visual Studio Version 16
VisualStudioVersion = 16.0.30114.105
MinimumVisualStudioVersion = 10.0.40219.1
Project("{FAE04EC0-301F-11D3-BF4B-00C04F79EFBC}") = "PryCertificacion0", "PryCertificacion0\PryCertificacion0.csproj", "{BBF5E1B9-B807-4861-8BD6-2653DC14E8B6}"
EndProject
Project("{FAE04EC0-301F-11D3-BF4B-00C04F79EFBC}") = "BEUEjercicio", "BEUEjercicio\BEUEjercicio.csproj", "{8DF8DC21-337F-472F-B1FD-B2B502E45F13}"
EndProject
Project("{FAE04EC0-301F-11D3-BF4B-00C04F79EFBC}") = "WebApiEscolastico", "WebApiEscolastico\WebApiEscolastico.csproj", "{534BDD99-A797-4BB4-A37A-42DCF512C399}"
EndProject
Global
	GlobalSection(SolutionConfigurationPlatforms) = preSolution
		Debug|Any CPU = Debug|Any CPU
		Release|Any CPU = Release|Any CPU
	EndGlobalSection
	GlobalSection(ProjectConfigurationPlatforms) = postSolution
		{BBF5E1B9-B807-4861-8BD6-2653DC14E8B6}.Debug|Any CPU.ActiveCfg = Debug|Any CPU
		{BBF5E1B9-B807-4861-8BD6-2653DC14E8B6}.Debug|Any CPU.Build.0 = Debug|Any CPU
		{BBF5E1B9-B807-4861-8BD6-2653DC14E8B6}.Release|Any CPU.ActiveCfg = Release|Any CPU
		{BBF5E1B9-B807-4861-8BD6-2653DC14E8B6}.Release|Any CPU.Build.0 = Release|Any CPU
		{8DF8DC21-337F-472F-B1FD-B2B502E45F13}.Debug|Any CPU.ActiveCfg = Debug|Any CPU
		{8DF8DC21-337F-472F-B1FD-B2B502E45F13}.Debug|Any CPU.Build.0 = Debug|Any CPU
		{8DF8DC21-337F-472F-B1FD-B2B502E45F13}.Release|Any CPU.ActiveCfg = Release|Any CPU
		{8DF8DC21-337F-472F-B1FD-B2B502E45F13}.Release|Any CPU.Build.0 = Release|Any CPU
		{534BDD99-A797-4BB4-A37A-42DCF512C399}.Debug|Any CPU.ActiveCfg = Debug|Any CPU
		{534BDD99-A797-4BB4-A37A-42DCF512C399}.Debug|Any CPU.Build.0 = Debug|Any CPU
		{534BDD99-A797-4BB4-A37A-42DCF512C399}.Release|Any CPU.ActiveCfg = Release|Any CPU
		{534BDD99-A797-4BB4-A37A-42DCF512C399}.Release|Any CPU.Build.0 = Release|Any CPU
	EndGlobalSection
	GlobalSection(SolutionProperties) = preSolution
		HideSolutionNode = FALSE
	EndGlobalSection
	GlobalSection(ExtensibilityGlobals) = postSolution
		SolutionGuid = {9EB000A6-4D20-41ED-AD3C-DA4D0867E428}
	EndGlobalSection
EndGlobal
